
Microsoft Visual Studio Solution File, Format Version 12.00
# Visual Studio 14
VisualStudioVersion = 14.0.25420.1
MinimumVisualStudioVersion = 10.0.40219.1
Project("{8BC9CEB8-8B4A-11D0-8D11-00A0C91BC942}") = "ZaMakeVoiceTable", "ZaMakeVoiceTable\ZaMakeVoiceTable.vcxproj", "{C9FF2570-AF04-4168-9F35-C235AD65579A}"
EndProject
Project("{8BC9CEB8-8B4A-11D0-8D11-00A0C91BC942}") = "ZaMakeVoiceTableFound", "ZaMakeVoiceTableFound\ZaMakeVoiceTableFound.vcxproj", "{24B97ACE-2C6E-4297-AFB4-6A87E69FBCCB}"
EndProject
Project("{8BC9CEB8-8B4A-11D0-8D11-00A0C91BC942}") = "ZaMakeVoiceTablePrepare", "ZaMakeVoiceTablePrepare\ZaMakeVoiceTablePrepare.vcxproj", "{8CB46F12-ECDB-4D3B-87A8-08B9CAA1C63A}"
EndProject
Global
	GlobalSection(SolutionConfigurationPlatforms) = preSolution
		Debug|x86 = Debug|x86
		Release|x86 = Release|x86
	EndGlobalSection
	GlobalSection(ProjectConfigurationPlatforms) = postSolution
		{C9FF2570-AF04-4168-9F35-C235AD65579A}.Debug|x86.ActiveCfg = Debug|Win32
		{C9FF2570-AF04-4168-9F35-C235AD65579A}.Debug|x86.Build.0 = Debug|Win32
		{C9FF2570-AF04-4168-9F35-C235AD65579A}.Release|x86.ActiveCfg = Release|Win32
		{C9FF2570-AF04-4168-9F35-C235AD65579A}.Release|x86.Build.0 = Release|Win32
		{24B97ACE-2C6E-4297-AFB4-6A87E69FBCCB}.Debug|x86.ActiveCfg = Debug|Win32
		{24B97ACE-2C6E-4297-AFB4-6A87E69FBCCB}.Debug|x86.Build.0 = Debug|Win32
		{24B97ACE-2C6E-4297-AFB4-6A87E69FBCCB}.Release|x86.ActiveCfg = Release|Win32
		{24B97ACE-2C6E-4297-AFB4-6A87E69FBCCB}.Release|x86.Build.0 = Release|Win32
		{8CB46F12-ECDB-4D3B-87A8-08B9CAA1C63A}.Debug|x86.ActiveCfg = Debug|Win32
		{8CB46F12-ECDB-4D3B-87A8-08B9CAA1C63A}.Debug|x86.Build.0 = Debug|Win32
		{8CB46F12-ECDB-4D3B-87A8-08B9CAA1C63A}.Release|x86.ActiveCfg = Release|Win32
		{8CB46F12-ECDB-4D3B-87A8-08B9CAA1C63A}.Release|x86.Build.0 = Release|Win32
	EndGlobalSection
	GlobalSection(SolutionProperties) = preSolution
		HideSolutionNode = FALSE
	EndGlobalSection
EndGlobal
