<?xml version="1.0" encoding="utf-8"?>
<Project ToolsVersion="4.0" xmlns="http://schemas.microsoft.com/developer/msbuild/2003">
  <ItemGroup>
    <Filter Include="Source Files">
      <UniqueIdentifier>{af5bad7c-f863-49e2-bba9-4df940171be6}</UniqueIdentifier>
      <Extensions>cpp;c;cxx;def;odl;idl;hpj;bat;asm</Extensions>
    </Filter>
    <Filter Include="Header Files">
      <UniqueIdentifier>{43ea5112-0acd-4433-a9af-a22dc1ad3d3a}</UniqueIdentifier>
      <Extensions>h;hpp;hxx;hm;inl;inc</Extensions>
    </Filter>
    <Filter Include="Resource Files">
      <UniqueIdentifier>{b2eeaf6e-689a-4fb4-ba9e-cdff8d2dbd5b}</UniqueIdentifier>
      <Extensions>rc;ico;cur;bmp;dlg;rc2;rct;bin;rgs;jpg;jpeg;jpe;manifest</Extensions>
    </Filter>
    <Filter Include="Source Files %28Shared%29">
      <UniqueIdentifier>{23cf69a4-aa11-4a71-9eae-8b6671fca184}</UniqueIdentifier>
    </Filter>
  </ItemGroup>
  <ItemGroup>
    <ClInclude Include="..\..\src\ZeroAoVoiceToolX\MainDlg.h">
      <Filter>Header Files</Filter>
    </ClInclude>
    <ClInclude Include="..\..\src\ZeroAoVoiceToolX\resource.h">
      <Filter>Header Files</Filter>
    </ClInclude>
    <ClInclude Include="..\..\src\ZeroAoVoiceToolX\stdafx.h">
      <Filter>Header Files</Filter>
    </ClInclude>
  </ItemGroup>
  <ItemGroup>
    <ClCompile Include="..\..\src\ZeroAoVoiceToolX\ZeroAoVoiceToolX.cpp">
      <Filter>Source Files</Filter>
    </ClCompile>
    <ClCompile Include="..\..\src\ZeroAoVoiceToolX\stdafx.cpp">
      <Filter>Source Files</Filter>
    </ClCompile>
    <ClCompile Include="..\..\src\ZaLog.cpp">
      <Filter>Source Files %28Shared%29</Filter>
    </ClCompile>
    <ClCompile Include="..\..\src\ZaRemote.cpp">
      <Filter>Source Files %28Shared%29</Filter>
    </ClCompile>
    <ClCompile Include="..\..\src\ZaScenaAnalyzer.cpp">
      <Filter>Source Files %28Shared%29</Filter>
    </ClCompile>
    <ClCompile Include="..\..\src\ZaSound.cpp">
      <Filter>Source Files %28Shared%29</Filter>
    </ClCompile>
    <ClCompile Include="..\..\src\ZaVoicePlayer.cpp">
      <Filter>Source Files %28Shared%29</Filter>
    </ClCompile>
    <ClCompile Include="..\..\src\ZaVoiceTable.cpp">
      <Filter>Source Files %28Shared%29</Filter>
    </ClCompile>
    <ClCompile Include="..\..\src\ZaConfig.cpp">
      <Filter>Source Files %28Shared%29</Filter>
    </ClCompile>
  </ItemGroup>
  <ItemGroup>
    <ResourceCompile Include="..\..\src\ZeroAoVoiceToolX\ZeroAoVoiceToolX.rc">
      <Filter>Resource Files</Filter>
    </ResourceCompile>
  </ItemGroup>
  <ItemGroup>
    <Image Include="..\..\src\ZeroAoVoiceToolX\res\ZeroAoVoiceToolX.ico">
      <Filter>Resource Files</Filter>
    </Image>
  </ItemGroup>
</Project>